
Microsoft Visual Studio Solution File, Format Version 12.00
# Visual Studio Version 17
VisualStudioVersion = 17.10.34928.147
MinimumVisualStudioVersion = 10.0.40219.1
Project("{FAE04EC0-301F-11D3-BF4B-00C04F79EFBC}") = "App.Payment.AzureFunction", "App.Payment.AzureFunction\App.Payment.AzureFunction.csproj", "{7AEAE28F-6D00-4A03-BCD5-BE3D88104175}"
EndProject
Global
	GlobalSection(SolutionConfigurationPlatforms) = preSolution
		Debug|Any CPU = Debug|Any CPU
		Release|Any CPU = Release|Any CPU
	EndGlobalSection
	GlobalSection(ProjectConfigurationPlatforms) = postSolution
		{7AEAE28F-6D00-4A03-BCD5-BE3D88104175}.Debug|Any CPU.ActiveCfg = Debug|Any CPU
		{7AEAE28F-6D00-4A03-BCD5-BE3D88104175}.Debug|Any CPU.Build.0 = Debug|Any CPU
		{7AEAE28F-6D00-4A03-BCD5-BE3D88104175}.Release|Any CPU.ActiveCfg = Release|Any CPU
		{7AEAE28F-6D00-4A03-BCD5-BE3D88104175}.Release|Any CPU.Build.0 = Release|Any CPU
	EndGlobalSection
	GlobalSection(SolutionProperties) = preSolution
		HideSolutionNode = FALSE
	EndGlobalSection
	GlobalSection(ExtensibilityGlobals) = postSolution
		SolutionGuid = {3ECE1DA7-DFBC-4C66-9FF9-9462C2510F3D}
	EndGlobalSection
EndGlobal
